
Microsoft Visual Studio Solution File, Format Version 12.00
# Visual Studio 15
Project("{FAE04EC0-301F-11D3-BF4B-00C04F79EFBC}") = "ASCIIChart", "ASCIIChart.csproj", "{C9519FFE-AC7B-4499-B59F-CE3A14C7AF1A}"
EndProject
Global
	GlobalSection(SolutionConfigurationPlatforms) = preSolution
		Debug|Any CPU = Debug|Any CPU
		Release|Any CPU = Release|Any CPU
	EndGlobalSection
	GlobalSection(ProjectConfigurationPlatforms) = postSolution
		{C9519FFE-AC7B-4499-B59F-CE3A14C7AF1A}.Debug|Any CPU.ActiveCfg = Debug|Any CPU
		{C9519FFE-AC7B-4499-B59F-CE3A14C7AF1A}.Debug|Any CPU.Build.0 = Debug|Any CPU
		{C9519FFE-AC7B-4499-B59F-CE3A14C7AF1A}.Release|Any CPU.ActiveCfg = Release|Any CPU
		{C9519FFE-AC7B-4499-B59F-CE3A14C7AF1A}.Release|Any CPU.Build.0 = Release|Any CPU
	EndGlobalSection
EndGlobal
