
Microsoft Visual Studio Solution File, Format Version 12.00
# Visual Studio 15
Project("{FAE04EC0-301F-11D3-BF4B-00C04F79EFBC}") = "AdventureMap", "AdventureMap.csproj", "{DDBA9D21-A7CA-4B34-8BDC-72F362A6C684}"
EndProject
Global
	GlobalSection(SolutionConfigurationPlatforms) = preSolution
		Debug|Any CPU = Debug|Any CPU
		Release|Any CPU = Release|Any CPU
	EndGlobalSection
	GlobalSection(ProjectConfigurationPlatforms) = postSolution
		{DDBA9D21-A7CA-4B34-8BDC-72F362A6C684}.Debug|Any CPU.ActiveCfg = Debug|Any CPU
		{DDBA9D21-A7CA-4B34-8BDC-72F362A6C684}.Debug|Any CPU.Build.0 = Debug|Any CPU
		{DDBA9D21-A7CA-4B34-8BDC-72F362A6C684}.Release|Any CPU.ActiveCfg = Release|Any CPU
		{DDBA9D21-A7CA-4B34-8BDC-72F362A6C684}.Release|Any CPU.Build.0 = Release|Any CPU
	EndGlobalSection
EndGlobal
