
Microsoft Visual Studio Solution File, Format Version 12.00
# Visual Studio 15
Project("{FAE04EC0-301F-11D3-BF4B-00C04F79EFBC}") = "SteamTracker", "SteamTracker.csproj", "{07B2DABD-9DF4-49F0-A1B6-8AE3851038AF}"
EndProject
Global
	GlobalSection(SolutionConfigurationPlatforms) = preSolution
		Debug|Any CPU = Debug|Any CPU
		Release|Any CPU = Release|Any CPU
	EndGlobalSection
	GlobalSection(ProjectConfigurationPlatforms) = postSolution
		{07B2DABD-9DF4-49F0-A1B6-8AE3851038AF}.Debug|Any CPU.ActiveCfg = Debug|Any CPU
		{07B2DABD-9DF4-49F0-A1B6-8AE3851038AF}.Debug|Any CPU.Build.0 = Debug|Any CPU
		{07B2DABD-9DF4-49F0-A1B6-8AE3851038AF}.Release|Any CPU.ActiveCfg = Release|Any CPU
		{07B2DABD-9DF4-49F0-A1B6-8AE3851038AF}.Release|Any CPU.Build.0 = Release|Any CPU
	EndGlobalSection
EndGlobal
